
Microsoft Visual Studio Solution File, Format Version 12.00
# Visual Studio 2012
Project("{FAE04EC0-301F-11D3-BF4B-00C04F79EFBC}") = "WordCloud", "WordCloud\WordCloud.csproj", "{100B01A7-4C17-47DE-8456-FF61CCA4509B}"
EndProject
Project("{FAE04EC0-301F-11D3-BF4B-00C04F79EFBC}") = "MicroMvvm", "MicroMvvm\MicroMvvm.csproj", "{9EFE6CBD-DF21-436E-9F81-E258BAB0B653}"
EndProject
Project("{2150E333-8FDC-42A3-9474-1A3956D46DE8}") = "Lib", "Lib", "{6FBDBB8A-DBA8-46EE-86B8-1025C65CA509}"
	ProjectSection(SolutionItems) = preProject
		Lib\FSharp.PowerPack.dll = Lib\FSharp.PowerPack.dll
		Lib\GraphSharp.Contracts.dll = Lib\GraphSharp.Contracts.dll
		Lib\GraphSharp.Controls.dll = Lib\GraphSharp.Controls.dll
		Lib\GraphSharp.dll = Lib\GraphSharp.dll
		Lib\Microsoft.Contracts.dll = Lib\Microsoft.Contracts.dll
		Lib\QuickGraph.dll = Lib\QuickGraph.dll
		Lib\WPFExtensions.dll = Lib\WPFExtensions.dll
	EndProjectSection
EndProject
Project("{FAE04EC0-301F-11D3-BF4B-00C04F79EFBC}") = "MicrosoftJava.Shared", "MicrosoftJava.Shared\MicrosoftJava.Shared.csproj", "{7B51E6AE-6695-45BD-AA26-23855AEF6A6A}"
EndProject
Project("{F2A71F9B-5D33-465A-A702-920D77279786}") = "MicrosoftJava", "MicrosoftJava\MicrosoftJava.fsproj", "{CA7C64D1-47A5-4DFE-A2EB-6A55540B6C16}"
EndProject
Global
	GlobalSection(SolutionConfigurationPlatforms) = preSolution
		Debug|Any CPU = Debug|Any CPU
		Debug|Mixed Platforms = Debug|Mixed Platforms
		Debug|x86 = Debug|x86
		Release|Any CPU = Release|Any CPU
		Release|Mixed Platforms = Release|Mixed Platforms
		Release|x86 = Release|x86
	EndGlobalSection
	GlobalSection(ProjectConfigurationPlatforms) = postSolution
		{100B01A7-4C17-47DE-8456-FF61CCA4509B}.Debug|Any CPU.ActiveCfg = Debug|x86
		{100B01A7-4C17-47DE-8456-FF61CCA4509B}.Debug|Any CPU.Build.0 = Debug|x86
		{100B01A7-4C17-47DE-8456-FF61CCA4509B}.Debug|Mixed Platforms.ActiveCfg = Debug|Any CPU
		{100B01A7-4C17-47DE-8456-FF61CCA4509B}.Debug|Mixed Platforms.Build.0 = Debug|Any CPU
		{100B01A7-4C17-47DE-8456-FF61CCA4509B}.Debug|x86.ActiveCfg = Debug|Any CPU
		{100B01A7-4C17-47DE-8456-FF61CCA4509B}.Release|Any CPU.ActiveCfg = Release|Any CPU
		{100B01A7-4C17-47DE-8456-FF61CCA4509B}.Release|Any CPU.Build.0 = Release|Any CPU
		{100B01A7-4C17-47DE-8456-FF61CCA4509B}.Release|Mixed Platforms.ActiveCfg = Release|Any CPU
		{100B01A7-4C17-47DE-8456-FF61CCA4509B}.Release|Mixed Platforms.Build.0 = Release|Any CPU
		{100B01A7-4C17-47DE-8456-FF61CCA4509B}.Release|x86.ActiveCfg = Release|Any CPU
		{9EFE6CBD-DF21-436E-9F81-E258BAB0B653}.Debug|Any CPU.ActiveCfg = Debug|x86
		{9EFE6CBD-DF21-436E-9F81-E258BAB0B653}.Debug|Any CPU.Build.0 = Debug|x86
		{9EFE6CBD-DF21-436E-9F81-E258BAB0B653}.Debug|Mixed Platforms.ActiveCfg = Debug|Any CPU
		{9EFE6CBD-DF21-436E-9F81-E258BAB0B653}.Debug|Mixed Platforms.Build.0 = Debug|Any CPU
		{9EFE6CBD-DF21-436E-9F81-E258BAB0B653}.Debug|x86.ActiveCfg = Debug|Any CPU
		{9EFE6CBD-DF21-436E-9F81-E258BAB0B653}.Release|Any CPU.ActiveCfg = Release|Any CPU
		{9EFE6CBD-DF21-436E-9F81-E258BAB0B653}.Release|Any CPU.Build.0 = Release|Any CPU
		{9EFE6CBD-DF21-436E-9F81-E258BAB0B653}.Release|Mixed Platforms.ActiveCfg = Release|Any CPU
		{9EFE6CBD-DF21-436E-9F81-E258BAB0B653}.Release|Mixed Platforms.Build.0 = Release|Any CPU
		{9EFE6CBD-DF21-436E-9F81-E258BAB0B653}.Release|x86.ActiveCfg = Release|Any CPU
		{7B51E6AE-6695-45BD-AA26-23855AEF6A6A}.Debug|Any CPU.ActiveCfg = Debug|Any CPU
		{7B51E6AE-6695-45BD-AA26-23855AEF6A6A}.Debug|Any CPU.Build.0 = Debug|Any CPU
		{7B51E6AE-6695-45BD-AA26-23855AEF6A6A}.Debug|Mixed Platforms.ActiveCfg = Debug|Any CPU
		{7B51E6AE-6695-45BD-AA26-23855AEF6A6A}.Debug|Mixed Platforms.Build.0 = Debug|Any CPU
		{7B51E6AE-6695-45BD-AA26-23855AEF6A6A}.Debug|x86.ActiveCfg = Debug|Any CPU
		{7B51E6AE-6695-45BD-AA26-23855AEF6A6A}.Release|Any CPU.ActiveCfg = Release|Any CPU
		{7B51E6AE-6695-45BD-AA26-23855AEF6A6A}.Release|Any CPU.Build.0 = Release|Any CPU
		{7B51E6AE-6695-45BD-AA26-23855AEF6A6A}.Release|Mixed Platforms.ActiveCfg = Release|Any CPU
		{7B51E6AE-6695-45BD-AA26-23855AEF6A6A}.Release|Mixed Platforms.Build.0 = Release|Any CPU
		{7B51E6AE-6695-45BD-AA26-23855AEF6A6A}.Release|x86.ActiveCfg = Release|Any CPU
		{CA7C64D1-47A5-4DFE-A2EB-6A55540B6C16}.Debug|Any CPU.ActiveCfg = Debug|Any CPU
		{CA7C64D1-47A5-4DFE-A2EB-6A55540B6C16}.Debug|Any CPU.Build.0 = Debug|Any CPU
		{CA7C64D1-47A5-4DFE-A2EB-6A55540B6C16}.Debug|Mixed Platforms.ActiveCfg = Debug|Any CPU
		{CA7C64D1-47A5-4DFE-A2EB-6A55540B6C16}.Debug|Mixed Platforms.Build.0 = Debug|Any CPU
		{CA7C64D1-47A5-4DFE-A2EB-6A55540B6C16}.Debug|x86.ActiveCfg = Debug|Any CPU
		{CA7C64D1-47A5-4DFE-A2EB-6A55540B6C16}.Release|Any CPU.ActiveCfg = Release|Any CPU
		{CA7C64D1-47A5-4DFE-A2EB-6A55540B6C16}.Release|Any CPU.Build.0 = Release|Any CPU
		{CA7C64D1-47A5-4DFE-A2EB-6A55540B6C16}.Release|Mixed Platforms.ActiveCfg = Release|Any CPU
		{CA7C64D1-47A5-4DFE-A2EB-6A55540B6C16}.Release|Mixed Platforms.Build.0 = Release|Any CPU
		{CA7C64D1-47A5-4DFE-A2EB-6A55540B6C16}.Release|x86.ActiveCfg = Release|Any CPU
	EndGlobalSection
	GlobalSection(SolutionProperties) = preSolution
		HideSolutionNode = FALSE
	EndGlobalSection
EndGlobal
